# THIS IS AN AUTOGENERATED FILE. DO NOT EDIT THIS FILE DIRECTLY.
# yarn lockfile v1


create-next-app@^16.2.4:
  version "16.2.4"
  resolved "https://registry.yarnpkg.com/create-next-app/-/create-next-app-16.2.4.tgz#e3098fe5925e57f165b564cdf071bb874d213037"
  integrity sha512-jGkADJ9vm7l74KXhdVSr/vyUsUK5/RiuuV8y/iF4JbWRF0Yp0sX43VIBHCN/2ynvm2VEStM5ljAl7NByh1PvmQ==
